
Microsoft Visual Studio Solution File, Format Version 12.00
# Visual Studio 15
VisualStudioVersion = 15.0.28010.2050
MinimumVisualStudioVersion = 10.0.40219.1
Project("{FAE04EC0-301F-11D3-BF4B-00C04F79EFBC}") = "HttpReqSharp", "HttpReqSharp\HttpReqSharp.csproj", "{8CE47797-6252-4876-9DD6-9D884A7B8615}"
EndProject
Global
	GlobalSection(SolutionConfigurationPlatforms) = preSolution
		Debug|Any CPU = Debug|Any CPU
		Release|Any CPU = Release|Any CPU
	EndGlobalSection
	GlobalSection(ProjectConfigurationPlatforms) = postSolution
		{8CE47797-6252-4876-9DD6-9D884A7B8615}.Debug|Any CPU.ActiveCfg = Debug|Any CPU
		{8CE47797-6252-4876-9DD6-9D884A7B8615}.Debug|Any CPU.Build.0 = Debug|Any CPU
		{8CE47797-6252-4876-9DD6-9D884A7B8615}.Release|Any CPU.ActiveCfg = Release|Any CPU
		{8CE47797-6252-4876-9DD6-9D884A7B8615}.Release|Any CPU.Build.0 = Release|Any CPU
	EndGlobalSection
	GlobalSection(SolutionProperties) = preSolution
		HideSolutionNode = FALSE
	EndGlobalSection
	GlobalSection(ExtensibilityGlobals) = postSolution
		SolutionGuid = {1A427F17-D152-4186-9DCD-79B5AEB67BBA}
	EndGlobalSection
EndGlobal
